{
  "version": "5",
  "redirects": {
    "https://esm.sh/@supabase/supabase-js@2": "https://esm.sh/@supabase/supabase-js@2.117.2"
  },
  "remote": {
    "https://esm.sh/@supabase/supabase-js@2.117.2": "6da4477d96ad4392b5a8be8f423384a3812cdd651df483e433ba422a69ff879b"
  },
  "workspace": {
    "packageJson": {
      "dependencies": [
        "npm:@astrojs/check@0.9.10",
        "npm:@electric-sql/pglite@~0.5.8",
        "npm:@supabase/supabase-js@2.96.0",
        "npm:@types/three@0.184.0",
        "npm:astro@7.3.5",
        "npm:jsqr@1.4.0",
        "npm:pdfjs-dist@6.3.289",
        "npm:sharp@0.35.4",
        "npm:three@0.184.0",
        "npm:typescript@5.9.3"
      ]
    }
  }
}
